// !$*UTF8*$!
{
	archiveVersion = 1;
	classes = {
	};
	objectVersion = 51;
	objects = {

/* Begin PBXBuildFile section */
		802233DA2283E603005967E8 /* AppDelegate.swift in Sources */ = {isa = PBXBuildFile; fileRef = 802233D92283E603005967E8 /* AppDelegate.swift */; };
		802233DF2283E603005967E8 /* Main.storyboard in Resources */ = {isa = PBXBuildFile; fileRef = 802233DD2283E603005967E8 /* Main.storyboard */; };
		802233E12283E604005967E8 /* Assets.xcassets in Resources */ = {isa = PBXBuildFile; fileRef = 802233E02283E604005967E8 /* Assets.xcassets */; };
		802233E42283E604005967E8 /* LaunchScreen.storyboard in Resources */ = {isa = PBXBuildFile; fileRef = 802233E22283E604005967E8 /* LaunchScreen.storyboard */; };
		802233EC2283E70C005967E8 /* GoogleService-Info.plist in Resources */ = {isa = PBXBuildFile; fileRef = 802233EB2283E70C005967E8 /* GoogleService-Info.plist */; };
		802E08372283E8390095BE18 /* GenenalTabBarController.swift in Sources */ = {isa = PBXBuildFile; fileRef = 802E08362283E8390095BE18 /* GenenalTabBarController.swift */; };
		802E083A2283EAD70095BE18 /* CountryCodeController.swift in Sources */ = {isa = PBXBuildFile; fileRef = 802E08392283EAD70095BE18 /* CountryCodeController.swift */; };
		802E083C2283EAF40095BE18 /* CreateProfileController.swift in Sources */ = {isa = PBXBuildFile; fileRef = 802E083B2283EAF40095BE18 /* CreateProfileController.swift */; };
		802E083E2283EB5E0095BE18 /* EnterPhoneNumberContainerView.swift in Sources */ = {isa = PBXBuildFile; fileRef = 802E083D2283EB5E0095BE18 /* EnterPhoneNumberContainerView.swift */; };
		802E08402283EBBF0095BE18 /* EnterPhoneNumberController.swift in Sources */ = {isa = PBXBuildFile; fileRef = 802E083F2283EBBF0095BE18 /* EnterPhoneNumberController.swift */; };
		802E08422283EC080095BE18 /* EnterVerificationCodeController.swift in Sources */ = {isa = PBXBuildFile; fileRef = 802E08412283EC080095BE18 /* EnterVerificationCodeController.swift */; };
		802E08442283EC4D0095BE18 /* OnboardingContainerView.swift in Sources */ = {isa = PBXBuildFile; fileRef = 802E08432283EC4D0095BE18 /* OnboardingContainerView.swift */; };
		802E08462283EC9D0095BE18 /* OnboardingController.swift in Sources */ = {isa = PBXBuildFile; fileRef = 802E08452283EC9D0095BE18 /* OnboardingController.swift */; };
		802E084B2283F0540095BE18 /* PigeonPalette.swift in Sources */ = {isa = PBXBuildFile; fileRef = 802E084A2283F0540095BE18 /* PigeonPalette.swift */; };
		802E084D2283F0970095BE18 /* GlobalVariables.swift in Sources */ = {isa = PBXBuildFile; fileRef = 802E084C2283F0970095BE18 /* GlobalVariables.swift */; };
		802E08502283F1340095BE18 /* ChatsController.swift in Sources */ = {isa = PBXBuildFile; fileRef = 802E084F2283F1340095BE18 /* ChatsController.swift */; };
		802E08532283F16F0095BE18 /* ContactsController.swift in Sources */ = {isa = PBXBuildFile; fileRef = 802E08522283F16F0095BE18 /* ContactsController.swift */; };
		802E08562283F1B10095BE18 /* SettingsController.swift in Sources */ = {isa = PBXBuildFile; fileRef = 802E08552283F1B10095BE18 /* SettingsController.swift */; };
		802E08582283F9930095BE18 /* Country.swift in Sources */ = {isa = PBXBuildFile; fileRef = 802E08572283F9930095BE18 /* Country.swift */; };
		802E085A2283FADA0095BE18 /* SelectCountryCodeController.swift in Sources */ = {isa = PBXBuildFile; fileRef = 802E08592283FADA0095BE18 /* SelectCountryCodeController.swift */; };
		802E085C2283FBC20095BE18 /* CallingCodes.plist in Resources */ = {isa = PBXBuildFile; fileRef = 802E085B2283FBC20095BE18 /* CallingCodes.plist */; };
		802E085E2283FBFC0095BE18 /* HidingNavigationBarManager.swift in Sources */ = {isa = PBXBuildFile; fileRef = 802E085D2283FBFC0095BE18 /* HidingNavigationBarManager.swift */; };
		802E08602283FC310095BE18 /* HidingViewController.swift in Sources */ = {isa = PBXBuildFile; fileRef = 802E085F2283FC310095BE18 /* HidingViewController.swift */; };
		80FA8304228406B400C6B0C8 /* EnterVerificationContainerView.swift in Sources */ = {isa = PBXBuildFile; fileRef = 80FA8303228406B400C6B0C8 /* EnterVerificationContainerView.swift */; };
		80FA830722840A3B00C6B0C8 /* SharedVariables.swift in Sources */ = {isa = PBXBuildFile; fileRef = 80FA830622840A3B00C6B0C8 /* SharedVariables.swift */; };
		80FA830922840EFC00C6B0C8 /* UserProfileContainerView.swift in Sources */ = {isa = PBXBuildFile; fileRef = 80FA830822840EFC00C6B0C8 /* UserProfileContainerView.swift */; };
		80FA830B22840F5400C6B0C8 /* CreateProfileController+RoundedEditLayer.swift in Sources */ = {isa = PBXBuildFile; fileRef = 80FA830A22840F5400C6B0C8 /* CreateProfileController+RoundedEditLayer.swift */; };
		80FA830D22840F8500C6B0C8 /* CreateProfileController+handlers.swift in Sources */ = {isa = PBXBuildFile; fileRef = 80FA830C22840F8500C6B0C8 /* CreateProfileController+handlers.swift */; };
		80FA830F22840FCE00C6B0C8 /* CreateProfileController+keyboardHandlers.swift in Sources */ = {isa = PBXBuildFile; fileRef = 80FA830E22840FCE00C6B0C8 /* CreateProfileController+keyboardHandlers.swift */; };
		80FA83112284114500C6B0C8 /* Public.swift in Sources */ = {isa = PBXBuildFile; fileRef = 80FA83102284114500C6B0C8 /* Public.swift */; };
		80FA83132284195400C6B0C8 /* AccountSettingsController.swift in Sources */ = {isa = PBXBuildFile; fileRef = 80FA83122284195400C6B0C8 /* AccountSettingsController.swift */; };
		80FA83152284199D00C6B0C8 /* AccountSettingsTableViewCell.swift in Sources */ = {isa = PBXBuildFile; fileRef = 80FA83142284199D00C6B0C8 /* AccountSettingsTableViewCell.swift */; };
		80FA8317228419BF00C6B0C8 /* SettingsViewControllersContainer.swift in Sources */ = {isa = PBXBuildFile; fileRef = 80FA8316228419BF00C6B0C8 /* SettingsViewControllersContainer.swift */; };
		80FA8319228419E800C6B0C8 /* StorageTableViewController.swift in Sources */ = {isa = PBXBuildFile; fileRef = 80FA8318228419E800C6B0C8 /* StorageTableViewController.swift */; };
		80FA831C22841AED00C6B0C8 /* ARSInfiniteLoader.swift in Sources */ = {isa = PBXBuildFile; fileRef = 80FA831B22841AED00C6B0C8 /* ARSInfiniteLoader.swift */; };
		80FA831E22841B2600C6B0C8 /* ARSLineProgress.swift in Sources */ = {isa = PBXBuildFile; fileRef = 80FA831D22841B2600C6B0C8 /* ARSLineProgress.swift */; };
		80FA832022841B4B00C6B0C8 /* ARSLineProgressConstants.swift in Sources */ = {isa = PBXBuildFile; fileRef = 80FA831F22841B4B00C6B0C8 /* ARSLineProgressConstants.swift */; };
		80FA832222841B6600C6B0C8 /* ARSLineProgressCustomization.swift in Sources */ = {isa = PBXBuildFile; fileRef = 80FA832122841B6600C6B0C8 /* ARSLineProgressCustomization.swift */; };
		80FA832422841B8900C6B0C8 /* ARSLineProgressExtensions.swift in Sources */ = {isa = PBXBuildFile; fileRef = 80FA832322841B8900C6B0C8 /* ARSLineProgressExtensions.swift */; };
		80FA832622841BA400C6B0C8 /* ARSLineProgressHelpers.swift in Sources */ = {isa = PBXBuildFile; fileRef = 80FA832522841BA400C6B0C8 /* ARSLineProgressHelpers.swift */; };
		80FA832822841BBE00C6B0C8 /* ARSLinePorgressProtocols.swift in Sources */ = {isa = PBXBuildFile; fileRef = 80FA832722841BBE00C6B0C8 /* ARSLinePorgressProtocols.swift */; };
		80FA832A22841BF000C6B0C8 /* ARSProgressTypeAliases.swift in Sources */ = {isa = PBXBuildFile; fileRef = 80FA832922841BF000C6B0C8 /* ARSProgressTypeAliases.swift */; };
		80FA832C22841CA900C6B0C8 /* ARSStatus.swift in Sources */ = {isa = PBXBuildFile; fileRef = 80FA832B22841CA900C6B0C8 /* ARSStatus.swift */; };
		80FA832E22841D9E00C6B0C8 /* ARSProgressLoader.swift in Sources */ = {isa = PBXBuildFile; fileRef = 80FA832D22841D9E00C6B0C8 /* ARSProgressLoader.swift */; };
		8CFF8F8CDC9786CAF1E027F5 /* Pods_NewChat.framework in Frameworks */ = {isa = PBXBuildFile; fileRef = A91DA041BFDA781869FA39BF /* Pods_NewChat.framework */; };
		B2745A1322844C410053F7CB /* UserProfileController.swift in Sources */ = {isa = PBXBuildFile; fileRef = B2745A1222844C410053F7CB /* UserProfileController.swift */; };
		B2745A1622844D4D0053F7CB /* User.swift in Sources */ = {isa = PBXBuildFile; fileRef = B2745A1522844D4D0053F7CB /* User.swift */; };
/* End PBXBuildFile section */

/* Begin PBXFileReference section */
		802233D62283E603005967E8 /* NewChat.app */ = {isa = PBXFileReference; explicitFileType = wrapper.application; includeInIndex = 0; path = NewChat.app; sourceTree = BUILT_PRODUCTS_DIR; };
		802233D92283E603005967E8 /* AppDelegate.swift */ = {isa = PBXFileReference; lastKnownFileType = sourcecode.swift; path = AppDelegate.swift; sourceTree = "<group>"; };
		802233DE2283E603005967E8 /* Base */ = {isa = PBXFileReference; lastKnownFileType = file.storyboard; name = Base; path = Base.lproj/Main.storyboard; sourceTree = "<group>"; };
		802233E02283E604005967E8 /* Assets.xcassets */ = {isa = PBXFileReference; lastKnownFileType = folder.assetcatalog; path = Assets.xcassets; sourceTree = "<group>"; };
		802233E32283E604005967E8 /* Base */ = {isa = PBXFileReference; lastKnownFileType = file.storyboard; name = Base; path = Base.lproj/LaunchScreen.storyboard; sourceTree = "<group>"; };
		802233E52283E604005967E8 /* Info.plist */ = {isa = PBXFileReference; lastKnownFileType = text.plist.xml; path = Info.plist; sourceTree = "<group>"; };
		802233EB2283E70C005967E8 /* GoogleService-Info.plist */ = {isa = PBXFileReference; fileEncoding = 4; lastKnownFileType = text.plist.xml; path = "GoogleService-Info.plist"; sourceTree = "<group>"; };
		802E08362283E8390095BE18 /* GenenalTabBarController.swift */ = {isa = PBXFileReference; lastKnownFileType = sourcecode.swift; path = GenenalTabBarController.swift; sourceTree = "<group>"; };
		802E08392283EAD70095BE18 /* CountryCodeController.swift */ = {isa = PBXFileReference; lastKnownFileType = sourcecode.swift; path = CountryCodeController.swift; sourceTree = "<group>"; };
		802E083B2283EAF40095BE18 /* CreateProfileController.swift */ = {isa = PBXFileReference; lastKnownFileType = sourcecode.swift; path = CreateProfileController.swift; sourceTree = "<group>"; };
		802E083D2283EB5E0095BE18 /* EnterPhoneNumberContainerView.swift */ = {isa = PBXFileReference; lastKnownFileType = sourcecode.swift; path = EnterPhoneNumberContainerView.swift; sourceTree = "<group>"; };
		802E083F2283EBBF0095BE18 /* EnterPhoneNumberController.swift */ = {isa = PBXFileReference; lastKnownFileType = sourcecode.swift; path = EnterPhoneNumberController.swift; sourceTree = "<group>"; };
		802E08412283EC080095BE18 /* EnterVerificationCodeController.swift */ = {isa = PBXFileReference; lastKnownFileType = sourcecode.swift; path = EnterVerificationCodeController.swift; sourceTree = "<group>"; };
		802E08432283EC4D0095BE18 /* OnboardingContainerView.swift */ = {isa = PBXFileReference; lastKnownFileType = sourcecode.swift; path = OnboardingContainerView.swift; sourceTree = "<group>"; };
		802E08452283EC9D0095BE18 /* OnboardingController.swift */ = {isa = PBXFileReference; lastKnownFileType = sourcecode.swift; path = OnboardingController.swift; sourceTree = "<group>"; };
		802E084A2283F0540095BE18 /* PigeonPalette.swift */ = {isa = PBXFileReference; lastKnownFileType = sourcecode.swift; path = PigeonPalette.swift; sourceTree = "<group>"; };
		802E084C2283F0970095BE18 /* GlobalVariables.swift */ = {isa = PBXFileReference; lastKnownFileType = sourcecode.swift; path = GlobalVariables.swift; sourceTree = "<group>"; };
		802E084F2283F1340095BE18 /* ChatsController.swift */ = {isa = PBXFileReference; lastKnownFileType = sourcecode.swift; path = ChatsController.swift; sourceTree = "<group>"; };
		802E08522283F16F0095BE18 /* ContactsController.swift */ = {isa = PBXFileReference; lastKnownFileType = sourcecode.swift; path = ContactsController.swift; sourceTree = "<group>"; };
		802E08552283F1B10095BE18 /* SettingsController.swift */ = {isa = PBXFileReference; lastKnownFileType = sourcecode.swift; path = SettingsController.swift; sourceTree = "<group>"; };
		802E08572283F9930095BE18 /* Country.swift */ = {isa = PBXFileReference; lastKnownFileType = sourcecode.swift; path = Country.swift; sourceTree = "<group>"; };
		802E08592283FADA0095BE18 /* SelectCountryCodeController.swift */ = {isa = PBXFileReference; lastKnownFileType = sourcecode.swift; path = SelectCountryCodeController.swift; sourceTree = "<group>"; };
		802E085B2283FBC20095BE18 /* CallingCodes.plist */ = {isa = PBXFileReference; fileEncoding = 4; lastKnownFileType = text.plist.xml; path = CallingCodes.plist; sourceTree = "<group>"; };
		802E085D2283FBFC0095BE18 /* HidingNavigationBarManager.swift */ = {isa = PBXFileReference; fileEncoding = 4; lastKnownFileType = sourcecode.swift; path = HidingNavigationBarManager.swift; sourceTree = "<group>"; };
		802E085F2283FC310095BE18 /* HidingViewController.swift */ = {isa = PBXFileReference; lastKnownFileType = sourcecode.swift; path = HidingViewController.swift; sourceTree = "<group>"; };
		80FA8303228406B400C6B0C8 /* EnterVerificationContainerView.swift */ = {isa = PBXFileReference; lastKnownFileType = sourcecode.swift; path = EnterVerificationContainerView.swift; sourceTree = "<group>"; };
		80FA830622840A3B00C6B0C8 /* SharedVariables.swift */ = {isa = PBXFileReference; lastKnownFileType = sourcecode.swift; path = SharedVariables.swift; sourceTree = "<group>"; };
		80FA830822840EFC00C6B0C8 /* UserProfileContainerView.swift */ = {isa = PBXFileReference; lastKnownFileType = sourcecode.swift; path = UserProfileContainerView.swift; sourceTree = "<group>"; };
		80FA830A22840F5400C6B0C8 /* CreateProfileController+RoundedEditLayer.swift */ = {isa = PBXFileReference; lastKnownFileType = sourcecode.swift; path = "CreateProfileController+RoundedEditLayer.swift"; sourceTree = "<group>"; };
		80FA830C22840F8500C6B0C8 /* CreateProfileController+handlers.swift */ = {isa = PBXFileReference; lastKnownFileType = sourcecode.swift; path = "CreateProfileController+handlers.swift"; sourceTree = "<group>"; };
		80FA830E22840FCE00C6B0C8 /* CreateProfileController+keyboardHandlers.swift */ = {isa = PBXFileReference; lastKnownFileType = sourcecode.swift; path = "CreateProfileController+keyboardHandlers.swift"; sourceTree = "<group>"; };
		80FA83102284114500C6B0C8 /* Public.swift */ = {isa = PBXFileReference; lastKnownFileType = sourcecode.swift; path = Public.swift; sourceTree = "<group>"; };
		80FA83122284195400C6B0C8 /* AccountSettingsController.swift */ = {isa = PBXFileReference; lastKnownFileType = sourcecode.swift; path = AccountSettingsController.swift; sourceTree = "<group>"; };
		80FA83142284199D00C6B0C8 /* AccountSettingsTableViewCell.swift */ = {isa = PBXFileReference; lastKnownFileType = sourcecode.swift; path = AccountSettingsTableViewCell.swift; sourceTree = "<group>"; };
		80FA8316228419BF00C6B0C8 /* SettingsViewControllersContainer.swift */ = {isa = PBXFileReference; lastKnownFileType = sourcecode.swift; path = SettingsViewControllersContainer.swift; sourceTree = "<group>"; };
		80FA8318228419E800C6B0C8 /* StorageTableViewController.swift */ = {isa = PBXFileReference; lastKnownFileType = sourcecode.swift; path = StorageTableViewController.swift; sourceTree = "<group>"; };
		80FA831B22841AED00C6B0C8 /* ARSInfiniteLoader.swift */ = {isa = PBXFileReference; lastKnownFileType = sourcecode.swift; path = ARSInfiniteLoader.swift; sourceTree = "<group>"; };
		80FA831D22841B2600C6B0C8 /* ARSLineProgress.swift */ = {isa = PBXFileReference; lastKnownFileType = sourcecode.swift; path = ARSLineProgress.swift; sourceTree = "<group>"; };
		80FA831F22841B4B00C6B0C8 /* ARSLineProgressConstants.swift */ = {isa = PBXFileReference; lastKnownFileType = sourcecode.swift; path = ARSLineProgressConstants.swift; sourceTree = "<group>"; };
		80FA832122841B6600C6B0C8 /* ARSLineProgressCustomization.swift */ = {isa = PBXFileReference; lastKnownFileType = sourcecode.swift; path = ARSLineProgressCustomization.swift; sourceTree = "<group>"; };
		80FA832322841B8900C6B0C8 /* ARSLineProgressExtensions.swift */ = {isa = PBXFileReference; lastKnownFileType = sourcecode.swift; path = ARSLineProgressExtensions.swift; sourceTree = "<group>"; };
		80FA832522841BA400C6B0C8 /* ARSLineProgressHelpers.swift */ = {isa = PBXFileReference; lastKnownFileType = sourcecode.swift; path = ARSLineProgressHelpers.swift; sourceTree = "<group>"; };
		80FA832722841BBE00C6B0C8 /* ARSLinePorgressProtocols.swift */ = {isa = PBXFileReference; lastKnownFileType = sourcecode.swift; path = ARSLinePorgressProtocols.swift; sourceTree = "<group>"; };
		80FA832922841BF000C6B0C8 /* ARSProgressTypeAliases.swift */ = {isa = PBXFileReference; lastKnownFileType = sourcecode.swift; path = ARSProgressTypeAliases.swift; sourceTree = "<group>"; };
		80FA832B22841CA900C6B0C8 /* ARSStatus.swift */ = {isa = PBXFileReference; lastKnownFileType = sourcecode.swift; path = ARSStatus.swift; sourceTree = "<group>"; };
		80FA832D22841D9E00C6B0C8 /* ARSProgressLoader.swift */ = {isa = PBXFileReference; lastKnownFileType = sourcecode.swift; path = ARSProgressLoader.swift; sourceTree = "<group>"; };
		9ACEC63CA0BF0B212CC45A84 /* Pods-NewChat.debug.xcconfig */ = {isa = PBXFileReference; includeInIndex = 1; lastKnownFileType = text.xcconfig; name = "Pods-NewChat.debug.xcconfig"; path = "Target Support Files/Pods-NewChat/Pods-NewChat.debug.xcconfig"; sourceTree = "<group>"; };
		A91DA041BFDA781869FA39BF /* Pods_NewChat.framework */ = {isa = PBXFileReference; explicitFileType = wrapper.framework; includeInIndex = 0; path = Pods_NewChat.framework; sourceTree = BUILT_PRODUCTS_DIR; };
		B2745A1222844C410053F7CB /* UserProfileController.swift */ = {isa = PBXFileReference; lastKnownFileType = sourcecode.swift; path = UserProfileController.swift; sourceTree = "<group>"; };
		B2745A1522844D4D0053F7CB /* User.swift */ = {isa = PBXFileReference; lastKnownFileType = sourcecode.swift; path = User.swift; sourceTree = "<group>"; };
		F0A711E90B9BDCC47F4C7B2D /* Pods-NewChat.release.xcconfig */ = {isa = PBXFileReference; includeInIndex = 1; lastKnownFileType = text.xcconfig; name = "Pods-NewChat.release.xcconfig"; path = "Target Support Files/Pods-NewChat/Pods-NewChat.release.xcconfig"; sourceTree = "<group>"; };
/* End PBXFileReference section */

/* Begin PBXFrameworksBuildPhase section */
		802233D32283E603005967E8 /* Frameworks */ = {
			isa = PBXFrameworksBuildPhase;
			buildActionMask = 2147483647;
			files = (
				8CFF8F8CDC9786CAF1E027F5 /* Pods_NewChat.framework in Frameworks */,
			);
			runOnlyForDeploymentPostprocessing = 0;
		};
/* End PBXFrameworksBuildPhase section */

/* Begin PBXGroup section */
		1E66C309C448C1D3573E2A90 /* Frameworks */ = {
			isa = PBXGroup;
			children = (
				A91DA041BFDA781869FA39BF /* Pods_NewChat.framework */,
			);
			name = Frameworks;
			sourceTree = "<group>";
		};
		802233CD2283E602005967E8 = {
			isa = PBXGroup;
			children = (
				802233D82283E603005967E8 /* NewChat */,
				802233D72283E603005967E8 /* Products */,
				EE224E97C8E420BEEE031A79 /* Pods */,
				1E66C309C448C1D3573E2A90 /* Frameworks */,
			);
			sourceTree = "<group>";
		};
		802233D72283E603005967E8 /* Products */ = {
			isa = PBXGroup;
			children = (
				802233D62283E603005967E8 /* NewChat.app */,
			);
			name = Products;
			sourceTree = "<group>";
		};
		802233D82283E603005967E8 /* NewChat */ = {
			isa = PBXGroup;
			children = (
				B2745A1422844D360053F7CB /* Model */,
				802E08542283F19E0095BE18 /* SettingsControllers */,
				802E08512283F1540095BE18 /* ContactsControllers */,
				802E084E2283F10F0095BE18 /* ChatsControllers */,
				802E08472283F02A0095BE18 /* Support */,
				802E08382283EA790095BE18 /* AuthenticationControllers */,
				802233D92283E603005967E8 /* AppDelegate.swift */,
				802E08362283E8390095BE18 /* GenenalTabBarController.swift */,
				802233DD2283E603005967E8 /* Main.storyboard */,
				802233E02283E604005967E8 /* Assets.xcassets */,
				802233E22283E604005967E8 /* LaunchScreen.storyboard */,
				802E085D2283FBFC0095BE18 /* HidingNavigationBarManager.swift */,
				802E085F2283FC310095BE18 /* HidingViewController.swift */,
				802233EB2283E70C005967E8 /* GoogleService-Info.plist */,
				802233E52283E604005967E8 /* Info.plist */,
			);
			path = NewChat;
			sourceTree = "<group>";
		};
		802E08382283EA790095BE18 /* AuthenticationControllers */ = {
			isa = PBXGroup;
			children = (
				80FA830522840A1400C6B0C8 /* SharedVariables */,
				802E085B2283FBC20095BE18 /* CallingCodes.plist */,
				802E08392283EAD70095BE18 /* CountryCodeController.swift */,
				802E083B2283EAF40095BE18 /* CreateProfileController.swift */,
				802E083D2283EB5E0095BE18 /* EnterPhoneNumberContainerView.swift */,
				802E083F2283EBBF0095BE18 /* EnterPhoneNumberController.swift */,
				802E08412283EC080095BE18 /* EnterVerificationCodeController.swift */,
				802E08432283EC4D0095BE18 /* OnboardingContainerView.swift */,
				802E08452283EC9D0095BE18 /* OnboardingController.swift */,
				802E08572283F9930095BE18 /* Country.swift */,
				802E08592283FADA0095BE18 /* SelectCountryCodeController.swift */,
				80FA8303228406B400C6B0C8 /* EnterVerificationContainerView.swift */,
				80FA830822840EFC00C6B0C8 /* UserProfileContainerView.swift */,
				80FA830A22840F5400C6B0C8 /* CreateProfileController+RoundedEditLayer.swift */,
				80FA830C22840F8500C6B0C8 /* CreateProfileController+handlers.swift */,
				80FA830E22840FCE00C6B0C8 /* CreateProfileController+keyboardHandlers.swift */,
				B2745A1222844C410053F7CB /* UserProfileController.swift */,
			);
			path = AuthenticationControllers;
			sourceTree = "<group>";
		};
		802E08472283F02A0095BE18 /* Support */ = {
			isa = PBXGroup;
			children = (
				B2745A1122843EFE0053F7CB /* Hiding */,
				80FA831A22841AB900C6B0C8 /* ProgressIndicator */,
				802E084A2283F0540095BE18 /* PigeonPalette.swift */,
				802E084C2283F0970095BE18 /* GlobalVariables.swift */,
				80FA83102284114500C6B0C8 /* Public.swift */,
			);
			path = Support;
			sourceTree = "<group>";
		};
		802E084E2283F10F0095BE18 /* ChatsControllers */ = {
			isa = PBXGroup;
			children = (
				802E084F2283F1340095BE18 /* ChatsController.swift */,
			);
			path = ChatsControllers;
			sourceTree = "<group>";
		};
		802E08512283F1540095BE18 /* ContactsControllers */ = {
			isa = PBXGroup;
			children = (
				802E08522283F16F0095BE18 /* ContactsController.swift */,
			);
			path = ContactsControllers;
			sourceTree = "<group>";
		};
		802E08542283F19E0095BE18 /* SettingsControllers */ = {
			isa = PBXGroup;
			children = (
				802E08552283F1B10095BE18 /* SettingsController.swift */,
				80FA83122284195400C6B0C8 /* AccountSettingsController.swift */,
				80FA83142284199D00C6B0C8 /* AccountSettingsTableViewCell.swift */,
				80FA8316228419BF00C6B0C8 /* SettingsViewControllersContainer.swift */,
				80FA8318228419E800C6B0C8 /* StorageTableViewController.swift */,
			);
			path = SettingsControllers;
			sourceTree = "<group>";
		};
		80FA830522840A1400C6B0C8 /* SharedVariables */ = {
			isa = PBXGroup;
			children = (
				80FA830622840A3B00C6B0C8 /* SharedVariables.swift */,
			);
			path = SharedVariables;
			sourceTree = "<group>";
		};
		80FA831A22841AB900C6B0C8 /* ProgressIndicator */ = {
			isa = PBXGroup;
			children = (
				80FA831B22841AED00C6B0C8 /* ARSInfiniteLoader.swift */,
				80FA831D22841B2600C6B0C8 /* ARSLineProgress.swift */,
				80FA831F22841B4B00C6B0C8 /* ARSLineProgressConstants.swift */,
				80FA832122841B6600C6B0C8 /* ARSLineProgressCustomization.swift */,
				80FA832322841B8900C6B0C8 /* ARSLineProgressExtensions.swift */,
				80FA832522841BA400C6B0C8 /* ARSLineProgressHelpers.swift */,
				80FA832722841BBE00C6B0C8 /* ARSLinePorgressProtocols.swift */,
				80FA832922841BF000C6B0C8 /* ARSProgressTypeAliases.swift */,
				80FA832B22841CA900C6B0C8 /* ARSStatus.swift */,
				80FA832D22841D9E00C6B0C8 /* ARSProgressLoader.swift */,
			);
			path = ProgressIndicator;
			sourceTree = "<group>";
		};
		B2745A1122843EFE0053F7CB /* Hiding */ = {
			isa = PBXGroup;
			children = (
			);
			path = Hiding;
			sourceTree = "<group>";
		};
		B2745A1422844D360053F7CB /* Model */ = {
			isa = PBXGroup;
			children = (
				B2745A1522844D4D0053F7CB /* User.swift */,
			);
			path = Model;
			sourceTree = "<group>";
		};
		EE224E97C8E420BEEE031A79 /* Pods */ = {
			isa = PBXGroup;
			children = (
				9ACEC63CA0BF0B212CC45A84 /* Pods-NewChat.debug.xcconfig */,
				F0A711E90B9BDCC47F4C7B2D /* Pods-NewChat.release.xcconfig */,
			);
			path = Pods;
			sourceTree = "<group>";
		};
/* End PBXGroup section */

/* Begin PBXNativeTarget section */
		802233D52283E603005967E8 /* NewChat */ = {
			isa = PBXNativeTarget;
			buildConfigurationList = 802233E82283E604005967E8 /* Build configuration list for PBXNativeTarget "NewChat" */;
			buildPhases = (
				EB9A3B9A32C177824DCF1B8F /* [CP] Check Pods Manifest.lock */,
				802233D22283E603005967E8 /* Sources */,
				802233D32283E603005967E8 /* Frameworks */,
				802233D42283E603005967E8 /* Resources */,
				7482EF73125ED6717A75F3D2 /* [CP] Embed Pods Frameworks */,
			);
			buildRules = (
			);
			dependencies = (
			);
			name = NewChat;
			productName = NewChat;
			productReference = 802233D62283E603005967E8 /* NewChat.app */;
			productType = "com.apple.product-type.application";
		};
/* End PBXNativeTarget section */

/* Begin PBXProject section */
		802233CE2283E602005967E8 /* Project object */ = {
			isa = PBXProject;
			attributes = {
				LastSwiftUpdateCheck = 1010;
				LastUpgradeCheck = 1010;
				ORGANIZATIONNAME = DuongTrong;
				TargetAttributes = {
					802233D52283E603005967E8 = {
						CreatedOnToolsVersion = 10.1;
					};
				};
			};
			buildConfigurationList = 802233D12283E602005967E8 /* Build configuration list for PBXProject "NewChat" */;
			compatibilityVersion = "Xcode 9.3";
			developmentRegion = en;
			hasScannedForEncodings = 0;
			knownRegions = (
				en,
				Base,
			);
			mainGroup = 802233CD2283E602005967E8;
			productRefGroup = 802233D72283E603005967E8 /* Products */;
			projectDirPath = "";
			projectRoot = "";
			targets = (
				802233D52283E603005967E8 /* NewChat */,
			);
		};
/* End PBXProject section */

/* Begin PBXResourcesBuildPhase section */
		802233D42283E603005967E8 /* Resources */ = {
			isa = PBXResourcesBuildPhase;
			buildActionMask = 2147483647;
			files = (
				802233E42283E604005967E8 /* LaunchScreen.storyboard in Resources */,
				802233EC2283E70C005967E8 /* GoogleService-Info.plist in Resources */,
				802233E12283E604005967E8 /* Assets.xcassets in Resources */,
				802233DF2283E603005967E8 /* Main.storyboard in Resources */,
				802E085C2283FBC20095BE18 /* CallingCodes.plist in Resources */,
			);
			runOnlyForDeploymentPostprocessing = 0;
		};
/* End PBXResourcesBuildPhase section */

/* Begin PBXShellScriptBuildPhase section */
		7482EF73125ED6717A75F3D2 /* [CP] Embed Pods Frameworks */ = {
			isa = PBXShellScriptBuildPhase;
			buildActionMask = 2147483647;
			files = (
			);
			inputFileListPaths = (
				"${PODS_ROOT}/Target Support Files/Pods-NewChat/Pods-NewChat-frameworks-${CONFIGURATION}-input-files.xcfilelist",
			);
			name = "[CP] Embed Pods Frameworks";
			outputFileListPaths = (
				"${PODS_ROOT}/Target Support Files/Pods-NewChat/Pods-NewChat-frameworks-${CONFIGURATION}-output-files.xcfilelist",
			);
			runOnlyForDeploymentPostprocessing = 0;
			shellPath = /bin/sh;
			shellScript = "\"${PODS_ROOT}/Target Support Files/Pods-NewChat/Pods-NewChat-frameworks.sh\"\n";
			showEnvVarsInLog = 0;
		};
		EB9A3B9A32C177824DCF1B8F /* [CP] Check Pods Manifest.lock */ = {
			isa = PBXShellScriptBuildPhase;
			buildActionMask = 2147483647;
			files = (
			);
			inputFileListPaths = (
			);
			inputPaths = (
				"${PODS_PODFILE_DIR_PATH}/Podfile.lock",
				"${PODS_ROOT}/Manifest.lock",
			);
			name = "[CP] Check Pods Manifest.lock";
			outputFileListPaths = (
			);
			outputPaths = (
				"$(DERIVED_FILE_DIR)/Pods-NewChat-checkManifestLockResult.txt",
			);
			runOnlyForDeploymentPostprocessing = 0;
			shellPath = /bin/sh;
			shellScript = "diff \"${PODS_PODFILE_DIR_PATH}/Podfile.lock\" \"${PODS_ROOT}/Manifest.lock\" > /dev/null\nif [ $? != 0 ] ; then\n    # print error to STDERR\n    echo \"error: The sandbox is not in sync with the Podfile.lock. Run 'pod install' or update your CocoaPods installation.\" >&2\n    exit 1\nfi\n# This output is used by Xcode 'outputs' to avoid re-running this script phase.\necho \"SUCCESS\" > \"${SCRIPT_OUTPUT_FILE_0}\"\n";
			showEnvVarsInLog = 0;
		};
/* End PBXShellScriptBuildPhase section */

/* Begin PBXSourcesBuildPhase section */
		802233D22283E603005967E8 /* Sources */ = {
			isa = PBXSourcesBuildPhase;
			buildActionMask = 2147483647;
			files = (
				802E083A2283EAD70095BE18 /* CountryCodeController.swift in Sources */,
				802E08442283EC4D0095BE18 /* OnboardingContainerView.swift in Sources */,
				802E083E2283EB5E0095BE18 /* EnterPhoneNumberContainerView.swift in Sources */,
				80FA8319228419E800C6B0C8 /* StorageTableViewController.swift in Sources */,
				80FA832A22841BF000C6B0C8 /* ARSProgressTypeAliases.swift in Sources */,
				80FA831E22841B2600C6B0C8 /* ARSLineProgress.swift in Sources */,
				80FA8317228419BF00C6B0C8 /* SettingsViewControllersContainer.swift in Sources */,
				802E083C2283EAF40095BE18 /* CreateProfileController.swift in Sources */,
				802E08422283EC080095BE18 /* EnterVerificationCodeController.swift in Sources */,
				80FA830922840EFC00C6B0C8 /* UserProfileContainerView.swift in Sources */,
				80FA830D22840F8500C6B0C8 /* CreateProfileController+handlers.swift in Sources */,
				80FA83112284114500C6B0C8 /* Public.swift in Sources */,
				80FA832C22841CA900C6B0C8 /* ARSStatus.swift in Sources */,
				80FA830F22840FCE00C6B0C8 /* CreateProfileController+keyboardHandlers.swift in Sources */,
				80FA831C22841AED00C6B0C8 /* ARSInfiniteLoader.swift in Sources */,
				802E08372283E8390095BE18 /* GenenalTabBarController.swift in Sources */,
				80FA83132284195400C6B0C8 /* AccountSettingsController.swift in Sources */,
				80FA8304228406B400C6B0C8 /* EnterVerificationContainerView.swift in Sources */,
				B2745A1622844D4D0053F7CB /* User.swift in Sources */,
				B2745A1322844C410053F7CB /* UserProfileController.swift in Sources */,
				802E08532283F16F0095BE18 /* ContactsController.swift in Sources */,
				80FA830B22840F5400C6B0C8 /* CreateProfileController+RoundedEditLayer.swift in Sources */,
				80FA832222841B6600C6B0C8 /* ARSLineProgressCustomization.swift in Sources */,
				80FA830722840A3B00C6B0C8 /* SharedVariables.swift in Sources */,
				802E084D2283F0970095BE18 /* GlobalVariables.swift in Sources */,
				80FA832422841B8900C6B0C8 /* ARSLineProgressExtensions.swift in Sources */,
				802E08402283EBBF0095BE18 /* EnterPhoneNumberController.swift in Sources */,
				802233DA2283E603005967E8 /* AppDelegate.swift in Sources */,
				802E08562283F1B10095BE18 /* SettingsController.swift in Sources */,
				80FA832822841BBE00C6B0C8 /* ARSLinePorgressProtocols.swift in Sources */,
				80FA832E22841D9E00C6B0C8 /* ARSProgressLoader.swift in Sources */,
				80FA832622841BA400C6B0C8 /* ARSLineProgressHelpers.swift in Sources */,
				802E08602283FC310095BE18 /* HidingViewController.swift in Sources */,
				802E08462283EC9D0095BE18 /* OnboardingController.swift in Sources */,
				80FA832022841B4B00C6B0C8 /* ARSLineProgressConstants.swift in Sources */,
				80FA83152284199D00C6B0C8 /* AccountSettingsTableViewCell.swift in Sources */,
				802E084B2283F0540095BE18 /* PigeonPalette.swift in Sources */,
				802E085E2283FBFC0095BE18 /* HidingNavigationBarManager.swift in Sources */,
				802E085A2283FADA0095BE18 /* SelectCountryCodeController.swift in Sources */,
				802E08582283F9930095BE18 /* Country.swift in Sources */,
				802E08502283F1340095BE18 /* ChatsController.swift in Sources */,
			);
			runOnlyForDeploymentPostprocessing = 0;
		};
/* End PBXSourcesBuildPhase section */

/* Begin PBXVariantGroup section */
		802233DD2283E603005967E8 /* Main.storyboard */ = {
			isa = PBXVariantGroup;
			children = (
				802233DE2283E603005967E8 /* Base */,
			);
			name = Main.storyboard;
			sourceTree = "<group>";
		};
		802233E22283E604005967E8 /* LaunchScreen.storyboard */ = {
			isa = PBXVariantGroup;
			children = (
				802233E32283E604005967E8 /* Base */,
			);
			name = LaunchScreen.storyboard;
			sourceTree = "<group>";
		};
/* End PBXVariantGroup section */

/* Begin XCBuildConfiguration section */
		802233E62283E604005967E8 /* Debug */ = {
			isa = XCBuildConfiguration;
			buildSettings = {
				ALWAYS_SEARCH_USER_PATHS = NO;
				CLANG_ANALYZER_NONNULL = YES;
				CLANG_ANALYZER_NUMBER_OBJECT_CONVERSION = YES_AGGRESSIVE;
				CLANG_CXX_LANGUAGE_STANDARD = "gnu++14";
				CLANG_CXX_LIBRARY = "libc++";
				CLANG_ENABLE_MODULES = YES;
				CLANG_ENABLE_OBJC_ARC = YES;
				CLANG_ENABLE_OBJC_WEAK = YES;
				CLANG_WARN_BLOCK_CAPTURE_AUTORELEASING = YES;
				CLANG_WARN_BOOL_CONVERSION = YES;
				CLANG_WARN_COMMA = YES;
				CLANG_WARN_CONSTANT_CONVERSION = YES;
				CLANG_WARN_DEPRECATED_OBJC_IMPLEMENTATIONS = YES;
				CLANG_WARN_DIRECT_OBJC_ISA_USAGE = YES_ERROR;
				CLANG_WARN_DOCUMENTATION_COMMENTS = YES;
				CLANG_WARN_EMPTY_BODY = YES;
				CLANG_WARN_ENUM_CONVERSION = YES;
				CLANG_WARN_INFINITE_RECURSION = YES;
				CLANG_WARN_INT_CONVERSION = YES;
				CLANG_WARN_NON_LITERAL_NULL_CONVERSION = YES;
				CLANG_WARN_OBJC_IMPLICIT_RETAIN_SELF = YES;
				CLANG_WARN_OBJC_LITERAL_CONVERSION = YES;
				CLANG_WARN_OBJC_ROOT_CLASS = YES_ERROR;
				CLANG_WARN_RANGE_LOOP_ANALYSIS = YES;
				CLANG_WARN_STRICT_PROTOTYPES = YES;
				CLANG_WARN_SUSPICIOUS_MOVE = YES;
				CLANG_WARN_UNGUARDED_AVAILABILITY = YES_AGGRESSIVE;
				CLANG_WARN_UNREACHABLE_CODE = YES;
				CLANG_WARN__DUPLICATE_METHOD_MATCH = YES;
				CODE_SIGN_IDENTITY = "iPhone Developer";
				COPY_PHASE_STRIP = NO;
				DEBUG_INFORMATION_FORMAT = dwarf;
				ENABLE_STRICT_OBJC_MSGSEND = YES;
				ENABLE_TESTABILITY = YES;
				GCC_C_LANGUAGE_STANDARD = gnu11;
				GCC_DYNAMIC_NO_PIC = NO;
				GCC_NO_COMMON_BLOCKS = YES;
				GCC_OPTIMIZATION_LEVEL = 0;
				GCC_PREPROCESSOR_DEFINITIONS = (
					"DEBUG=1",
					"$(inherited)",
				);
				GCC_WARN_64_TO_32_BIT_CONVERSION = YES;
				GCC_WARN_ABOUT_RETURN_TYPE = YES_ERROR;
				GCC_WARN_UNDECLARED_SELECTOR = YES;
				GCC_WARN_UNINITIALIZED_AUTOS = YES_AGGRESSIVE;
				GCC_WARN_UNUSED_FUNCTION = YES;
				GCC_WARN_UNUSED_VARIABLE = YES;
				IPHONEOS_DEPLOYMENT_TARGET = 12.1;
				MTL_ENABLE_DEBUG_INFO = INCLUDE_SOURCE;
				MTL_FAST_MATH = YES;
				ONLY_ACTIVE_ARCH = YES;
				SDKROOT = iphoneos;
				SWIFT_ACTIVE_COMPILATION_CONDITIONS = DEBUG;
				SWIFT_OPTIMIZATION_LEVEL = "-Onone";
			};
			name = Debug;
		};
		802233E72283E604005967E8 /* Release */ = {
			isa = XCBuildConfiguration;
			buildSettings = {
				ALWAYS_SEARCH_USER_PATHS = NO;
				CLANG_ANALYZER_NONNULL = YES;
				CLANG_ANALYZER_NUMBER_OBJECT_CONVERSION = YES_AGGRESSIVE;
				CLANG_CXX_LANGUAGE_STANDARD = "gnu++14";
				CLANG_CXX_LIBRARY = "libc++";
				CLANG_ENABLE_MODULES = YES;
				CLANG_ENABLE_OBJC_ARC = YES;
				CLANG_ENABLE_OBJC_WEAK = YES;
				CLANG_WARN_BLOCK_CAPTURE_AUTORELEASING = YES;
				CLANG_WARN_BOOL_CONVERSION = YES;
				CLANG_WARN_COMMA = YES;
				CLANG_WARN_CONSTANT_CONVERSION = YES;
				CLANG_WARN_DEPRECATED_OBJC_IMPLEMENTATIONS = YES;
				CLANG_WARN_DIRECT_OBJC_ISA_USAGE = YES_ERROR;
				CLANG_WARN_DOCUMENTATION_COMMENTS = YES;
				CLANG_WARN_EMPTY_BODY = YES;
				CLANG_WARN_ENUM_CONVERSION = YES;
				CLANG_WARN_INFINITE_RECURSION = YES;
				CLANG_WARN_INT_CONVERSION = YES;
				CLANG_WARN_NON_LITERAL_NULL_CONVERSION = YES;
				CLANG_WARN_OBJC_IMPLICIT_RETAIN_SELF = YES;
				CLANG_WARN_OBJC_LITERAL_CONVERSION = YES;
				CLANG_WARN_OBJC_ROOT_CLASS = YES_ERROR;
				CLANG_WARN_RANGE_LOOP_ANALYSIS = YES;
				CLANG_WARN_STRICT_PROTOTYPES = YES;
				CLANG_WARN_SUSPICIOUS_MOVE = YES;
				CLANG_WARN_UNGUARDED_AVAILABILITY = YES_AGGRESSIVE;
				CLANG_WARN_UNREACHABLE_CODE = YES;
				CLANG_WARN__DUPLICATE_METHOD_MATCH = YES;
				CODE_SIGN_IDENTITY = "iPhone Developer";
				COPY_PHASE_STRIP = NO;
				DEBUG_INFORMATION_FORMAT = "dwarf-with-dsym";
				ENABLE_NS_ASSERTIONS = NO;
				ENABLE_STRICT_OBJC_MSGSEND = YES;
				GCC_C_LANGUAGE_STANDARD = gnu11;
				GCC_NO_COMMON_BLOCKS = YES;
				GCC_WARN_64_TO_32_BIT_CONVERSION = YES;
				GCC_WARN_ABOUT_RETURN_TYPE = YES_ERROR;
				GCC_WARN_UNDECLARED_SELECTOR = YES;
				GCC_WARN_UNINITIALIZED_AUTOS = YES_AGGRESSIVE;
				GCC_WARN_UNUSED_FUNCTION = YES;
				GCC_WARN_UNUSED_VARIABLE = YES;
				IPHONEOS_DEPLOYMENT_TARGET = 12.1;
				MTL_ENABLE_DEBUG_INFO = NO;
				MTL_FAST_MATH = YES;
				SDKROOT = iphoneos;
				SWIFT_COMPILATION_MODE = wholemodule;
				SWIFT_OPTIMIZATION_LEVEL = "-O";
				VALIDATE_PRODUCT = YES;
			};
			name = Release;
		};
		802233E92283E604005967E8 /* Debug */ = {
			isa = XCBuildConfiguration;
			baseConfigurationReference = 9ACEC63CA0BF0B212CC45A84 /* Pods-NewChat.debug.xcconfig */;
			buildSettings = {
				ASSETCATALOG_COMPILER_APPICON_NAME = AppIcon;
				CODE_SIGN_STYLE = Automatic;
				DEVELOPMENT_TEAM = TKJTPR7L3V;
				INFOPLIST_FILE = NewChat/Info.plist;
				LD_RUNPATH_SEARCH_PATHS = (
					"$(inherited)",
					"@executable_path/Frameworks",
				);
				PRODUCT_BUNDLE_IDENTIFIER = com.community.swift.NewChat;
				PRODUCT_NAME = "$(TARGET_NAME)";
				SWIFT_VERSION = 4.2;
				TARGETED_DEVICE_FAMILY = "1,2";
			};
			name = Debug;
		};
		802233EA2283E604005967E8 /* Release */ = {
			isa = XCBuildConfiguration;
			baseConfigurationReference = F0A711E90B9BDCC47F4C7B2D /* Pods-NewChat.release.xcconfig */;
			buildSettings = {
				ASSETCATALOG_COMPILER_APPICON_NAME = AppIcon;
				CODE_SIGN_STYLE = Automatic;
				DEVELOPMENT_TEAM = TKJTPR7L3V;
				INFOPLIST_FILE = NewChat/Info.plist;
				LD_RUNPATH_SEARCH_PATHS = (
					"$(inherited)",
					"@executable_path/Frameworks",
				);
				PRODUCT_BUNDLE_IDENTIFIER = com.community.swift.NewChat;
				PRODUCT_NAME = "$(TARGET_NAME)";
				SWIFT_VERSION = 4.2;
				TARGETED_DEVICE_FAMILY = "1,2";
			};
			name = Release;
		};
/* End XCBuildConfiguration section */

/* Begin XCConfigurationList section */
		802233D12283E602005967E8 /* Build configuration list for PBXProject "NewChat" */ = {
			isa = XCConfigurationList;
			buildConfigurations = (
				802233E62283E604005967E8 /* Debug */,
				802233E72283E604005967E8 /* Release */,
			);
			defaultConfigurationIsVisible = 0;
			defaultConfigurationName = Release;
		};
		802233E82283E604005967E8 /* Build configuration list for PBXNativeTarget "NewChat" */ = {
			isa = XCConfigurationList;
			buildConfigurations = (
				802233E92283E604005967E8 /* Debug */,
				802233EA2283E604005967E8 /* Release */,
			);
			defaultConfigurationIsVisible = 0;
			defaultConfigurationName = Release;
		};
/* End XCConfigurationList section */
	};
	rootObject = 802233CE2283E602005967E8 /* Project object */;
}
